
Microsoft Visual Studio Solution File, Format Version 12.00
# Visual Studio 14
VisualStudioVersion = 14.0.25420.1
MinimumVisualStudioVersion = 10.0.40219.1
Project("{FAE04EC0-301F-11D3-BF4B-00C04F79EFBC}") = "RPGGameSE22", "RPGGameSE22\RPGGameSE22.csproj", "{E30327DB-E1CF-45F5-A3E8-5F123C4F35EE}"
EndProject
Project("{FAE04EC0-301F-11D3-BF4B-00C04F79EFBC}") = "RPGUnitTestProject", "RPGUnitTestProject\RPGUnitTestProject.csproj", "{D3392F17-F815-418F-8F73-035F6CE8C9FC}"
EndProject
Project("{FAE04EC0-301F-11D3-BF4B-00C04F79EFBC}") = "Models", "Models\Models.csproj", "{11ABCD0A-BB09-433C-B316-5CDF06758FD7}"
EndProject
Global
	GlobalSection(SolutionConfigurationPlatforms) = preSolution
		Debug|Any CPU = Debug|Any CPU
		Release|Any CPU = Release|Any CPU
	EndGlobalSection
	GlobalSection(ProjectConfigurationPlatforms) = postSolution
		{E30327DB-E1CF-45F5-A3E8-5F123C4F35EE}.Debug|Any CPU.ActiveCfg = Debug|Any CPU
		{E30327DB-E1CF-45F5-A3E8-5F123C4F35EE}.Debug|Any CPU.Build.0 = Debug|Any CPU
		{E30327DB-E1CF-45F5-A3E8-5F123C4F35EE}.Release|Any CPU.ActiveCfg = Release|Any CPU
		{E30327DB-E1CF-45F5-A3E8-5F123C4F35EE}.Release|Any CPU.Build.0 = Release|Any CPU
		{D3392F17-F815-418F-8F73-035F6CE8C9FC}.Debug|Any CPU.ActiveCfg = Debug|Any CPU
		{D3392F17-F815-418F-8F73-035F6CE8C9FC}.Debug|Any CPU.Build.0 = Debug|Any CPU
		{D3392F17-F815-418F-8F73-035F6CE8C9FC}.Release|Any CPU.ActiveCfg = Release|Any CPU
		{D3392F17-F815-418F-8F73-035F6CE8C9FC}.Release|Any CPU.Build.0 = Release|Any CPU
		{11ABCD0A-BB09-433C-B316-5CDF06758FD7}.Debug|Any CPU.ActiveCfg = Debug|Any CPU
		{11ABCD0A-BB09-433C-B316-5CDF06758FD7}.Debug|Any CPU.Build.0 = Debug|Any CPU
		{11ABCD0A-BB09-433C-B316-5CDF06758FD7}.Release|Any CPU.ActiveCfg = Release|Any CPU
		{11ABCD0A-BB09-433C-B316-5CDF06758FD7}.Release|Any CPU.Build.0 = Release|Any CPU
	EndGlobalSection
	GlobalSection(SolutionProperties) = preSolution
		HideSolutionNode = FALSE
	EndGlobalSection
EndGlobal
